{
  "name": "follow_the_sun",
  "version": "1.0.0",
  "lockfileVersion": 1,
  "requires": true,
  "dependencies": {
    "axios": {
      "version": "0.21.1",
      "resolved": "https://registry.npmjs.org/axios/-/axios-0.21.1.tgz",
      "integrity": "sha512-dKQiRHxGD9PPRIUNIWvZhPTPpl1rf/OxTYKsqKUDjBwYylTvV7SjSHJb9ratfyzM6wCdLCOYLzs73qpg5c4iGA==",
      "requires": {
        "follow-redirects": "^1.10.0"
      }
    },
    "bottleneck": {
      "version": "2.19.5",
      "resolved": "https://registry.npmjs.org/bottleneck/-/bottleneck-2.19.5.tgz",
      "integrity": "sha512-VHiNCbI1lKdl44tGrhNfU3lup0Tj/ZBMJB5/2ZbNXRCPuRCO7ed2mgcK4r17y+KB2EfuYuRaVlwNbAeaWGSpbw=="
    },
    "call-bind": {
      "version": "1.0.2",
      "resolved": "https://registry.npmjs.org/call-bind/-/call-bind-1.0.2.tgz",
      "integrity": "sha512-7O+FbCihrB5WGbFYesctwmTKae6rOiIzmz1icreWJ+0aA7LJfuqhEso2T9ncpcFtzMQtzXf2QGGueWJGTYsqrA==",
      "requires": {
        "function-bind": "^1.1.1",
        "get-intrinsic": "^1.0.2"
      }
    },
    "cron-parser": {
      "version": "3.1.0",
      "resolved": "https://registry.npmjs.org/cron-parser/-/cron-parser-3.1.0.tgz",
      "integrity": "sha512-4Spe1gRbiQza3BqklhB/8dMi8PZAWalhLK1p+k3iYJjcxIK6t4YYGL0lKdHT0e743jDTJEDBz1NEAzY88kyNWQ==",
      "requires": {
        "is-nan": "^1.3.0",
        "luxon": "^1.25.0"
      }
    },
    "define-properties": {
      "version": "1.1.3",
      "resolved": "https://registry.npmjs.org/define-properties/-/define-properties-1.1.3.tgz",
      "integrity": "sha512-3MqfYKj2lLzdMSf8ZIZE/V+Zuy+BgD6f164e8K2w7dgnpKArBDerGYpM46IYYcjnkdPNMjPk9A6VFB8+3SKlXQ==",
      "requires": {
        "object-keys": "^1.0.12"
      }
    },
    "dotenv": {
      "version": "8.2.0",
      "resolved": "https://registry.npmjs.org/dotenv/-/dotenv-8.2.0.tgz",
      "integrity": "sha512-8sJ78ElpbDJBHNeBzUbUVLsqKdccaa/BXF1uPTw3GrvQTBgrQrtObr2mUrE38vzYd8cEv+m/JBfDLioYcfXoaw=="
    },
    "follow-redirects": {
      "version": "1.13.2",
      "resolved": "https://registry.npmjs.org/follow-redirects/-/follow-redirects-1.13.2.tgz",
      "integrity": "sha512-6mPTgLxYm3r6Bkkg0vNM0HTjfGrOEtsfbhagQvbxDEsEkpNhw582upBaoRZylzen6krEmxXJgt9Ju6HiI4O7BA=="
    },
    "function-bind": {
      "version": "1.1.1",
      "resolved": "https://registry.npmjs.org/function-bind/-/function-bind-1.1.1.tgz",
      "integrity": "sha512-yIovAzMX49sF8Yl58fSCWJ5svSLuaibPxXQJFLmBObTuCr0Mf1KiPopGM9NiFjiYBCbfaa2Fh6breQ6ANVTI0A=="
    },
    "get-intrinsic": {
      "version": "1.1.1",
      "resolved": "https://registry.npmjs.org/get-intrinsic/-/get-intrinsic-1.1.1.tgz",
      "integrity": "sha512-kWZrnVM42QCiEA2Ig1bG8zjoIMOgxWwYCEeNdwY6Tv/cOSeGpcoX4pXHfKUxNKVoArnrEr2e9srnAxxGIraS9Q==",
      "requires": {
        "function-bind": "^1.1.1",
        "has": "^1.0.3",
        "has-symbols": "^1.0.1"
      }
    },
    "get-ssl-certificate": {
      "version": "2.3.3",
      "resolved": "https://registry.npmjs.org/get-ssl-certificate/-/get-ssl-certificate-2.3.3.tgz",
      "integrity": "sha512-aKYXS1S5+2IYw4W5+lKC/M+lvaNYPe0PhnQ144NWARcBg35H3ZvyVZ6y0LNGtiAxggFBHeO7LaVGO4bgHK4g1Q=="
    },
    "has": {
      "version": "1.0.3",
      "resolved": "https://registry.npmjs.org/has/-/has-1.0.3.tgz",
      "integrity": "sha512-f2dvO0VU6Oej7RkWJGrehjbzMAjFp5/VKPp5tTpWIV4JHHZK1/BxbFRtf/siA2SWTe09caDmVtYYzWEIbBS4zw==",
      "requires": {
        "function-bind": "^1.1.1"
      }
    },
    "has-symbols": {
      "version": "1.0.1",
      "resolved": "https://registry.npmjs.org/has-symbols/-/has-symbols-1.0.1.tgz",
      "integrity": "sha512-PLcsoqu++dmEIZB+6totNFKq/7Do+Z0u4oT0zKOJNl3lYK6vGwwu2hjHs+68OEZbTjiUE9bgOABXbP/GvrS0Kg=="
    },
    "is-nan": {
      "version": "1.3.2",
      "resolved": "https://registry.npmjs.org/is-nan/-/is-nan-1.3.2.tgz",
      "integrity": "sha512-E+zBKpQ2t6MEo1VsonYmluk9NxGrbzpeeLC2xIViuO2EjU2xsXsBPwTr3Ykv9l08UYEVEdWeRZNouaZqF6RN0w==",
      "requires": {
        "call-bind": "^1.0.0",
        "define-properties": "^1.1.3"
      }
    },
    "long-timeout": {
      "version": "0.1.1",
      "resolved": "https://registry.npmjs.org/long-timeout/-/long-timeout-0.1.1.tgz",
      "integrity": "sha1-lyHXiLR+C8taJMLivuGg2lXatRQ="
    },
    "luxon": {
      "version": "1.25.0",
      "resolved": "https://registry.npmjs.org/luxon/-/luxon-1.25.0.tgz",
      "integrity": "sha512-hEgLurSH8kQRjY6i4YLey+mcKVAWXbDNlZRmM6AgWDJ1cY3atl8Ztf5wEY7VBReFbmGnwQPz7KYJblL8B2k0jQ=="
    },
    "node-hue-api": {
      "version": "4.0.10",
      "resolved": "https://registry.npmjs.org/node-hue-api/-/node-hue-api-4.0.10.tgz",
      "integrity": "sha512-s+UvFttQfNXFadk8p6N9q9A5hteY2Q48W/mVze9nFPR5gwPH374cdA61ezKOx1WgBrN4btHj1z81veznhEZZAA==",
      "requires": {
        "axios": "^0.21.1",
        "bottleneck": "^2.19.5",
        "get-ssl-certificate": "^2.3.3"
      }
    },
    "node-schedule": {
      "version": "2.0.0",
      "resolved": "https://registry.npmjs.org/node-schedule/-/node-schedule-2.0.0.tgz",
      "integrity": "sha512-cHc9KEcfiuXxYDU+HjsBVo2FkWL1jRAUoczFoMIzRBpOA4p/NRHuuLs85AWOLgKsHtSPjN8csvwIxc2SqMv+CQ==",
      "requires": {
        "cron-parser": "^3.1.0",
        "long-timeout": "0.1.1",
        "sorted-array-functions": "^1.3.0"
      }
    },
    "object-keys": {
      "version": "1.1.1",
      "resolved": "https://registry.npmjs.org/object-keys/-/object-keys-1.1.1.tgz",
      "integrity": "sha512-NuAESUOUMrlIXOfHKzD6bpPu3tYt3xvjNdRIQ+FeT0lNb4K8WR70CaDxhuNguS2XG+GjkyMwOzsN5ZktImfhLA=="
    },
    "sorted-array-functions": {
      "version": "1.3.0",
      "resolved": "https://registry.npmjs.org/sorted-array-functions/-/sorted-array-functions-1.3.0.tgz",
      "integrity": "sha512-2sqgzeFlid6N4Z2fUQ1cvFmTOLRi/sEDzSQ0OKYchqgoPmQBVyM3959qYx3fpS6Esef80KjmpgPeEr028dP3OA=="
    },
    "suncalc": {
      "version": "1.8.0",
      "resolved": "https://registry.npmjs.org/suncalc/-/suncalc-1.8.0.tgz",
      "integrity": "sha1-HZiYEJVjB4dQ9JlKlZ5lTYdqy/U="
    }
  }
}
